// !$*UTF8*$!
{
	archiveVersion = 1;
	classes = {
	};
	objectVersion = 46;
	objects = {

/* Begin PBXBuildFile section */
		547C94D31D75823300D60B6A /* AppDelegate.swift in Sources */ = {isa = PBXBuildFile; fileRef = 547C94D21D75823300D60B6A /* AppDelegate.swift */; };
		547C94D51D75823300D60B6A /* ViewController.swift in Sources */ = {isa = PBXBuildFile; fileRef = 547C94D41D75823300D60B6A /* ViewController.swift */; };
		547C94D81D75823300D60B6A /* Main.storyboard in Resources */ = {isa = PBXBuildFile; fileRef = 547C94D61D75823300D60B6A /* Main.storyboard */; };
		547C94DA1D75823300D60B6A /* Assets.xcassets in Resources */ = {isa = PBXBuildFile; fileRef = 547C94D91D75823300D60B6A /* Assets.xcassets */; };
		547C94DD1D75823300D60B6A /* LaunchScreen.storyboard in Resources */ = {isa = PBXBuildFile; fileRef = 547C94DB1D75823300D60B6A /* LaunchScreen.storyboard */; };
		547C94E71D75831C00D60B6A /* ViewScroll.swift in Sources */ = {isa = PBXBuildFile; fileRef = 547C94E61D75831C00D60B6A /* ViewScroll.swift */; };
		547C94E91D75854200D60B6A /* shop.jpg in Resources */ = {isa = PBXBuildFile; fileRef = 547C94E81D75854200D60B6A /* shop.jpg */; };
/* End PBXBuildFile section */

/* Begin PBXFileReference section */
		547C94CF1D75823300D60B6A /* DemoScrollView.app */ = {isa = PBXFileReference; explicitFileType = wrapper.application; includeInIndex = 0; path = DemoScrollView.app; sourceTree = BUILT_PRODUCTS_DIR; };
		547C94D21D75823300D60B6A /* AppDelegate.swift */ = {isa = PBXFileReference; lastKnownFileType = sourcecode.swift; path = AppDelegate.swift; sourceTree = "<group>"; };
		547C94D41D75823300D60B6A /* ViewController.swift */ = {isa = PBXFileReference; lastKnownFileType = sourcecode.swift; path = ViewController.swift; sourceTree = "<group>"; };
		547C94D71D75823300D60B6A /* Base */ = {isa = PBXFileReference; lastKnownFileType = file.storyboard; name = Base; path = Base.lproj/Main.storyboard; sourceTree = "<group>"; };
		547C94D91D75823300D60B6A /* Assets.xcassets */ = {isa = PBXFileReference; lastKnownFileType = folder.assetcatalog; path = Assets.xcassets; sourceTree = "<group>"; };
		547C94DC1D75823300D60B6A /* Base */ = {isa = PBXFileReference; lastKnownFileType = file.storyboard; name = Base; path = Base.lproj/LaunchScreen.storyboard; sourceTree = "<group>"; };
		547C94DE1D75823300D60B6A /* Info.plist */ = {isa = PBXFileReference; lastKnownFileType = text.plist.xml; path = Info.plist; sourceTree = "<group>"; };
		547C94E61D75831C00D60B6A /* ViewScroll.swift */ = {isa = PBXFileReference; fileEncoding = 4; lastKnownFileType = sourcecode.swift; path = ViewScroll.swift; sourceTree = "<group>"; };
		547C94E81D75854200D60B6A /* shop.jpg */ = {isa = PBXFileReference; lastKnownFileType = image.jpeg; path = shop.jpg; sourceTree = "<group>"; };
/* End PBXFileReference section */

/* Begin PBXFrameworksBuildPhase section */
		547C94CC1D75823300D60B6A /* Frameworks */ = {
			isa = PBXFrameworksBuildPhase;
			buildActionMask = 2147483647;
			files = (
			);
			runOnlyForDeploymentPostprocessing = 0;
		};
/* End PBXFrameworksBuildPhase section */

/* Begin PBXGroup section */
		547C94C61D75823300D60B6A = {
			isa = PBXGroup;
			children = (
				547C94D11D75823300D60B6A /* DemoScrollView */,
				547C94D01D75823300D60B6A /* Products */,
			);
			sourceTree = "<group>";
		};
		547C94D01D75823300D60B6A /* Products */ = {
			isa = PBXGroup;
			children = (
				547C94CF1D75823300D60B6A /* DemoScrollView.app */,
			);
			name = Products;
			sourceTree = "<group>";
		};
		547C94D11D75823300D60B6A /* DemoScrollView */ = {
			isa = PBXGroup;
			children = (
				547C94E81D75854200D60B6A /* shop.jpg */,
				547C94D21D75823300D60B6A /* AppDelegate.swift */,
				547C94D41D75823300D60B6A /* ViewController.swift */,
				547C94D61D75823300D60B6A /* Main.storyboard */,
				547C94D91D75823300D60B6A /* Assets.xcassets */,
				547C94DB1D75823300D60B6A /* LaunchScreen.storyboard */,
				547C94DE1D75823300D60B6A /* Info.plist */,
				547C94E61D75831C00D60B6A /* ViewScroll.swift */,
			);
			path = DemoScrollView;
			sourceTree = "<group>";
		};
/* End PBXGroup section */

/* Begin PBXNativeTarget section */
		547C94CE1D75823300D60B6A /* DemoScrollView */ = {
			isa = PBXNativeTarget;
			buildConfigurationList = 547C94E11D75823300D60B6A /* Build configuration list for PBXNativeTarget "DemoScrollView" */;
			buildPhases = (
				547C94CB1D75823300D60B6A /* Sources */,
				547C94CC1D75823300D60B6A /* Frameworks */,
				547C94CD1D75823300D60B6A /* Resources */,
			);
			buildRules = (
			);
			dependencies = (
			);
			name = DemoScrollView;
			productName = DemoScrollView;
			productReference = 547C94CF1D75823300D60B6A /* DemoScrollView.app */;
			productType = "com.apple.product-type.application";
		};
/* End PBXNativeTarget section */

/* Begin PBXProject section */
		547C94C71D75823300D60B6A /* Project object */ = {
			isa = PBXProject;
			attributes = {
				LastSwiftUpdateCheck = 0730;
				LastUpgradeCheck = 0730;
				ORGANIZATIONNAME = newayplus;
				TargetAttributes = {
					547C94CE1D75823300D60B6A = {
						CreatedOnToolsVersion = 7.3.1;
					};
				};
			};
			buildConfigurationList = 547C94CA1D75823300D60B6A /* Build configuration list for PBXProject "DemoScrollView" */;
			compatibilityVersion = "Xcode 3.2";
			developmentRegion = English;
			hasScannedForEncodings = 0;
			knownRegions = (
				en,
				Base,
			);
			mainGroup = 547C94C61D75823300D60B6A;
			productRefGroup = 547C94D01D75823300D60B6A /* Products */;
			projectDirPath = "";
			projectRoot = "";
			targets = (
				547C94CE1D75823300D60B6A /* DemoScrollView */,
			);
		};
/* End PBXProject section */

/* Begin PBXResourcesBuildPhase section */
		547C94CD1D75823300D60B6A /* Resources */ = {
			isa = PBXResourcesBuildPhase;
			buildActionMask = 2147483647;
			files = (
				547C94DD1D75823300D60B6A /* LaunchScreen.storyboard in Resources */,
				547C94E91D75854200D60B6A /* shop.jpg in Resources */,
				547C94DA1D75823300D60B6A /* Assets.xcassets in Resources */,
				547C94D81D75823300D60B6A /* Main.storyboard in Resources */,
			);
			runOnlyForDeploymentPostprocessing = 0;
		};
/* End PBXResourcesBuildPhase section */

/* Begin PBXSourcesBuildPhase section */
		547C94CB1D75823300D60B6A /* Sources */ = {
			isa = PBXSourcesBuildPhase;
			buildActionMask = 2147483647;
			files = (
				547C94E71D75831C00D60B6A /* ViewScroll.swift in Sources */,
				547C94D51D75823300D60B6A /* ViewController.swift in Sources */,
				547C94D31D75823300D60B6A /* AppDelegate.swift in Sources */,
			);
			runOnlyForDeploymentPostprocessing = 0;
		};
/* End PBXSourcesBuildPhase section */

/* Begin PBXVariantGroup section */
		547C94D61D75823300D60B6A /* Main.storyboard */ = {
			isa = PBXVariantGroup;
			children = (
				547C94D71D75823300D60B6A /* Base */,
			);
			name = Main.storyboard;
			sourceTree = "<group>";
		};
		547C94DB1D75823300D60B6A /* LaunchScreen.storyboard */ = {
			isa = PBXVariantGroup;
			children = (
				547C94DC1D75823300D60B6A /* Base */,
			);
			name = LaunchScreen.storyboard;
			sourceTree = "<group>";
		};
/* End PBXVariantGroup section */

/* Begin XCBuildConfiguration section */
		547C94DF1D75823300D60B6A /* Debug */ = {
			isa = XCBuildConfiguration;
			buildSettings = {
				ALWAYS_SEARCH_USER_PATHS = NO;
				CLANG_ANALYZER_NONNULL = YES;
				CLANG_CXX_LANGUAGE_STANDARD = "gnu++0x";
				CLANG_CXX_LIBRARY = "libc++";
				CLANG_ENABLE_MODULES = YES;
				CLANG_ENABLE_OBJC_ARC = YES;
				CLANG_WARN_BOOL_CONVERSION = YES;
				CLANG_WARN_CONSTANT_CONVERSION = YES;
				CLANG_WARN_DIRECT_OBJC_ISA_USAGE = YES_ERROR;
				CLANG_WARN_EMPTY_BODY = YES;
				CLANG_WARN_ENUM_CONVERSION = YES;
				CLANG_WARN_INT_CONVERSION = YES;
				CLANG_WARN_OBJC_ROOT_CLASS = YES_ERROR;
				CLANG_WARN_UNREACHABLE_CODE = YES;
				CLANG_WARN__DUPLICATE_METHOD_MATCH = YES;
				"CODE_SIGN_IDENTITY[sdk=iphoneos*]" = "iPhone Developer";
				COPY_PHASE_STRIP = NO;
				DEBUG_INFORMATION_FORMAT = dwarf;
				ENABLE_STRICT_OBJC_MSGSEND = YES;
				ENABLE_TESTABILITY = YES;
				GCC_C_LANGUAGE_STANDARD = gnu99;
				GCC_DYNAMIC_NO_PIC = NO;
				GCC_NO_COMMON_BLOCKS = YES;
				GCC_OPTIMIZATION_LEVEL = 0;
				GCC_PREPROCESSOR_DEFINITIONS = (
					"DEBUG=1",
					"$(inherited)",
				);
				GCC_WARN_64_TO_32_BIT_CONVERSION = YES;
				GCC_WARN_ABOUT_RETURN_TYPE = YES_ERROR;
				GCC_WARN_UNDECLARED_SELECTOR = YES;
				GCC_WARN_UNINITIALIZED_AUTOS = YES_AGGRESSIVE;
				GCC_WARN_UNUSED_FUNCTION = YES;
				GCC_WARN_UNUSED_VARIABLE = YES;
				IPHONEOS_DEPLOYMENT_TARGET = 9.3;
				MTL_ENABLE_DEBUG_INFO = YES;
				ONLY_ACTIVE_ARCH = YES;
				SDKROOT = iphoneos;
				SWIFT_OPTIMIZATION_LEVEL = "-Onone";
				TARGETED_DEVICE_FAMILY = "1,2";
			};
			name = Debug;
		};
		547C94E01D75823300D60B6A /* Release */ = {
			isa = XCBuildConfiguration;
			buildSettings = {
				ALWAYS_SEARCH_USER_PATHS = NO;
				CLANG_ANALYZER_NONNULL = YES;
				CLANG_CXX_LANGUAGE_STANDARD = "gnu++0x";
				CLANG_CXX_LIBRARY = "libc++";
				CLANG_ENABLE_MODULES = YES;
				CLANG_ENABLE_OBJC_ARC = YES;
				CLANG_WARN_BOOL_CONVERSION = YES;
				CLANG_WARN_CONSTANT_CONVERSION = YES;
				CLANG_WARN_DIRECT_OBJC_ISA_USAGE = YES_ERROR;
				CLANG_WARN_EMPTY_BODY = YES;
				CLANG_WARN_ENUM_CONVERSION = YES;
				CLANG_WARN_INT_CONVERSION = YES;
				CLANG_WARN_OBJC_ROOT_CLASS = YES_ERROR;
				CLANG_WARN_UNREACHABLE_CODE = YES;
				CLANG_WARN__DUPLICATE_METHOD_MATCH = YES;
				"CODE_SIGN_IDENTITY[sdk=iphoneos*]" = "iPhone Developer";
				COPY_PHASE_STRIP = NO;
				DEBUG_INFORMATION_FORMAT = "dwarf-with-dsym";
				ENABLE_NS_ASSERTIONS = NO;
				ENABLE_STRICT_OBJC_MSGSEND = YES;
				GCC_C_LANGUAGE_STANDARD = gnu99;
				GCC_NO_COMMON_BLOCKS = YES;
				GCC_WARN_64_TO_32_BIT_CONVERSION = YES;
				GCC_WARN_ABOUT_RETURN_TYPE = YES_ERROR;
				GCC_WARN_UNDECLARED_SELECTOR = YES;
				GCC_WARN_UNINITIALIZED_AUTOS = YES_AGGRESSIVE;
				GCC_WARN_UNUSED_FUNCTION = YES;
				GCC_WARN_UNUSED_VARIABLE = YES;
				IPHONEOS_DEPLOYMENT_TARGET = 9.3;
				MTL_ENABLE_DEBUG_INFO = NO;
				SDKROOT = iphoneos;
				TARGETED_DEVICE_FAMILY = "1,2";
				VALIDATE_PRODUCT = YES;
			};
			name = Release;
		};
		547C94E21D75823300D60B6A /* Debug */ = {
			isa = XCBuildConfiguration;
			buildSettings = {
				ASSETCATALOG_COMPILER_APPICON_NAME = AppIcon;
				INFOPLIST_FILE = DemoScrollView/Info.plist;
				LD_RUNPATH_SEARCH_PATHS = "$(inherited) @executable_path/Frameworks";
				PRODUCT_BUNDLE_IDENTIFIER = com.newayplus.DemoScrollView;
				PRODUCT_NAME = "$(TARGET_NAME)";
			};
			name = Debug;
		};
		547C94E31D75823300D60B6A /* Release */ = {
			isa = XCBuildConfiguration;
			buildSettings = {
				ASSETCATALOG_COMPILER_APPICON_NAME = AppIcon;
				INFOPLIST_FILE = DemoScrollView/Info.plist;
				LD_RUNPATH_SEARCH_PATHS = "$(inherited) @executable_path/Frameworks";
				PRODUCT_BUNDLE_IDENTIFIER = com.newayplus.DemoScrollView;
				PRODUCT_NAME = "$(TARGET_NAME)";
			};
			name = Release;
		};
/* End XCBuildConfiguration section */

/* Begin XCConfigurationList section */
		547C94CA1D75823300D60B6A /* Build configuration list for PBXProject "DemoScrollView" */ = {
			isa = XCConfigurationList;
			buildConfigurations = (
				547C94DF1D75823300D60B6A /* Debug */,
				547C94E01D75823300D60B6A /* Release */,
			);
			defaultConfigurationIsVisible = 0;
			defaultConfigurationName = Release;
		};
		547C94E11D75823300D60B6A /* Build configuration list for PBXNativeTarget "DemoScrollView" */ = {
			isa = XCConfigurationList;
			buildConfigurations = (
				547C94E21D75823300D60B6A /* Debug */,
				547C94E31D75823300D60B6A /* Release */,
			);
			defaultConfigurationIsVisible = 0;
		};
/* End XCConfigurationList section */
	};
	rootObject = 547C94C71D75823300D60B6A /* Project object */;
}
